Microsoft Visual Studio Solution File, Format Version 12.00
# Visual Studio 2012
Project("{FAE04EC0-301F-11D3-BF4B-00C04F79EFBC}") = "Gods", "Gods.csproj", "{E9CCE2C4-F852-46F7-A21C-C223E7F70B02}"
EndProject
Global
	GlobalSection(SolutionConfigurationPlatforms) = preSolution
	Debug|Any CPU = Debug|Any CPU
	ExportDebug|Any CPU = ExportDebug|Any CPU
	ExportRelease|Any CPU = ExportRelease|Any CPU
	EndGlobalSection
	GlobalSection(ProjectConfigurationPlatforms) = postSolution
		{E9CCE2C4-F852-46F7-A21C-C223E7F70B02}.Debug|Any CPU.ActiveCfg = Debug|Any CPU
		{E9CCE2C4-F852-46F7-A21C-C223E7F70B02}.Debug|Any CPU.Build.0 = Debug|Any CPU
		{E9CCE2C4-F852-46F7-A21C-C223E7F70B02}.ExportDebug|Any CPU.ActiveCfg = ExportDebug|Any CPU
		{E9CCE2C4-F852-46F7-A21C-C223E7F70B02}.ExportDebug|Any CPU.Build.0 = ExportDebug|Any CPU
		{E9CCE2C4-F852-46F7-A21C-C223E7F70B02}.ExportRelease|Any CPU.ActiveCfg = ExportRelease|Any CPU
		{E9CCE2C4-F852-46F7-A21C-C223E7F70B02}.ExportRelease|Any CPU.Build.0 = ExportRelease|Any CPU
	EndGlobalSection
EndGlobal
